
Microsoft Visual Studio Solution File, Format Version 12.00
# Visual Studio Version 17
VisualStudioVersion = 17.14.36511.14 d17.14
MinimumVisualStudioVersion = 10.0.40219.1
Project("{FAE04EC0-301F-11D3-BF4B-00C04F79EFBC}") = "Laba1_cs", "Laba1_cs\Laba1_cs.csproj", "{1D4CF69E-E5F1-4DC8-811D-19F3F039BD02}"
EndProject
Global
	GlobalSection(SolutionConfigurationPlatforms) = preSolution
		Debug|Any CPU = Debug|Any CPU
		Release|Any CPU = Release|Any CPU
	EndGlobalSection
	GlobalSection(ProjectConfigurationPlatforms) = postSolution
		{1D4CF69E-E5F1-4DC8-811D-19F3F039BD02}.Debug|Any CPU.ActiveCfg = Debug|Any CPU
		{1D4CF69E-E5F1-4DC8-811D-19F3F039BD02}.Debug|Any CPU.Build.0 = Debug|Any CPU
		{1D4CF69E-E5F1-4DC8-811D-19F3F039BD02}.Release|Any CPU.ActiveCfg = Release|Any CPU
		{1D4CF69E-E5F1-4DC8-811D-19F3F039BD02}.Release|Any CPU.Build.0 = Release|Any CPU
	EndGlobalSection
	GlobalSection(SolutionProperties) = preSolution
		HideSolutionNode = FALSE
	EndGlobalSection
	GlobalSection(ExtensibilityGlobals) = postSolution
		SolutionGuid = {1263CA2D-73D2-41EC-8910-94F3F69A41D0}
	EndGlobalSection
EndGlobal
